
Microsoft Visual Studio Solution File, Format Version 12.00
# Visual Studio Version 17
VisualStudioVersion = 17.9.34723.18
MinimumVisualStudioVersion = 10.0.40219.1
Project("{9A19103F-16F7-4668-BE54-9A1E7A4F7556}") = "app", "app\app.csproj", "{D0209F8A-335E-48C7-A41D-FCF7DE059E80}"
EndProject
Project("{FAE04EC0-301F-11D3-BF4B-00C04F79EFBC}") = "archive", "archive\archive.csproj", "{8F1782A1-7EF8-454C-A4E2-A2BE65091CDB}"
EndProject
Global
	GlobalSection(SolutionConfigurationPlatforms) = preSolution
		Debug|Any CPU = Debug|Any CPU
		Release|Any CPU = Release|Any CPU
	EndGlobalSection
	GlobalSection(ProjectConfigurationPlatforms) = postSolution
		{D0209F8A-335E-48C7-A41D-FCF7DE059E80}.Debug|Any CPU.ActiveCfg = Debug|Any CPU
		{D0209F8A-335E-48C7-A41D-FCF7DE059E80}.Debug|Any CPU.Build.0 = Debug|Any CPU
		{D0209F8A-335E-48C7-A41D-FCF7DE059E80}.Release|Any CPU.ActiveCfg = Release|Any CPU
		{D0209F8A-335E-48C7-A41D-FCF7DE059E80}.Release|Any CPU.Build.0 = Release|Any CPU
		{8F1782A1-7EF8-454C-A4E2-A2BE65091CDB}.Debug|Any CPU.ActiveCfg = Debug|Any CPU
		{8F1782A1-7EF8-454C-A4E2-A2BE65091CDB}.Debug|Any CPU.Build.0 = Debug|Any CPU
		{8F1782A1-7EF8-454C-A4E2-A2BE65091CDB}.Release|Any CPU.ActiveCfg = Release|Any CPU
		{8F1782A1-7EF8-454C-A4E2-A2BE65091CDB}.Release|Any CPU.Build.0 = Release|Any CPU
	EndGlobalSection
	GlobalSection(SolutionProperties) = preSolution
		HideSolutionNode = FALSE
	EndGlobalSection
	GlobalSection(ExtensibilityGlobals) = postSolution
		SolutionGuid = {37B61C68-2619-486E-8C65-0CB1AD706D54}
	EndGlobalSection
EndGlobal
